
Microsoft Visual Studio Solution File, Format Version 12.00
# Visual Studio Version 16
VisualStudioVersion = 16.0.31005.135
MinimumVisualStudioVersion = 10.0.40219.1
Project("{FAE04EC0-301F-11D3-BF4B-00C04F79EFBC}") = "JiPP5_Lab1_Library.ConsoleApp", "JiPP5_Lab1_Library.ConsoleApp\JiPP5_Lab1_Library.ConsoleApp.csproj", "{3588D9FF-8412-45AF-9DA5-80AE659F2E6B}"
EndProject
Project("{FAE04EC0-301F-11D3-BF4B-00C04F79EFBC}") = "JiPP5_Lab1_Library.Domain", "JiPP5_Lab1_Library.Domain\JiPP5_Lab1_Library.Domain.csproj", "{9A9DF7F4-927C-42A8-B492-4D7B779BFA41}"
EndProject
Project("{FAE04EC0-301F-11D3-BF4B-00C04F79EFBC}") = "JiPP5_Lab1_Library.Persistence", "JiPP5_Lab1_Library.Persistence\JiPP5_Lab1_Library.Persistence.csproj", "{F3561EF0-8A0D-4B6A-B4F6-93BCC025FB64}"
EndProject
Project("{2150E333-8FDC-42A3-9474-1A3956D46DE8}") = "Presentation", "Presentation", "{01A40FBC-EB2F-481B-B3D6-5887DD556103}"
EndProject
Project("{2150E333-8FDC-42A3-9474-1A3956D46DE8}") = "Logic", "Logic", "{0896E13D-0A14-4167-B8E5-399B942A7C75}"
EndProject
Global
	GlobalSection(SolutionConfigurationPlatforms) = preSolution
		Debug|Any CPU = Debug|Any CPU
		Release|Any CPU = Release|Any CPU
	EndGlobalSection
	GlobalSection(ProjectConfigurationPlatforms) = postSolution
		{3588D9FF-8412-45AF-9DA5-80AE659F2E6B}.Debug|Any CPU.ActiveCfg = Debug|Any CPU
		{3588D9FF-8412-45AF-9DA5-80AE659F2E6B}.Debug|Any CPU.Build.0 = Debug|Any CPU
		{3588D9FF-8412-45AF-9DA5-80AE659F2E6B}.Release|Any CPU.ActiveCfg = Release|Any CPU
		{3588D9FF-8412-45AF-9DA5-80AE659F2E6B}.Release|Any CPU.Build.0 = Release|Any CPU
		{9A9DF7F4-927C-42A8-B492-4D7B779BFA41}.Debug|Any CPU.ActiveCfg = Debug|Any CPU
		{9A9DF7F4-927C-42A8-B492-4D7B779BFA41}.Debug|Any CPU.Build.0 = Debug|Any CPU
		{9A9DF7F4-927C-42A8-B492-4D7B779BFA41}.Release|Any CPU.ActiveCfg = Release|Any CPU
		{9A9DF7F4-927C-42A8-B492-4D7B779BFA41}.Release|Any CPU.Build.0 = Release|Any CPU
		{F3561EF0-8A0D-4B6A-B4F6-93BCC025FB64}.Debug|Any CPU.ActiveCfg = Debug|Any CPU
		{F3561EF0-8A0D-4B6A-B4F6-93BCC025FB64}.Debug|Any CPU.Build.0 = Debug|Any CPU
		{F3561EF0-8A0D-4B6A-B4F6-93BCC025FB64}.Release|Any CPU.ActiveCfg = Release|Any CPU
		{F3561EF0-8A0D-4B6A-B4F6-93BCC025FB64}.Release|Any CPU.Build.0 = Release|Any CPU
	EndGlobalSection
	GlobalSection(SolutionProperties) = preSolution
		HideSolutionNode = FALSE
	EndGlobalSection
	GlobalSection(NestedProjects) = preSolution
		{3588D9FF-8412-45AF-9DA5-80AE659F2E6B} = {01A40FBC-EB2F-481B-B3D6-5887DD556103}
		{9A9DF7F4-927C-42A8-B492-4D7B779BFA41} = {0896E13D-0A14-4167-B8E5-399B942A7C75}
		{F3561EF0-8A0D-4B6A-B4F6-93BCC025FB64} = {0896E13D-0A14-4167-B8E5-399B942A7C75}
	EndGlobalSection
	GlobalSection(ExtensibilityGlobals) = postSolution
		SolutionGuid = {A16FD05D-1738-4187-A4CF-50A8FA08A160}
	EndGlobalSection
EndGlobal
