
Microsoft Visual Studio Solution File, Format Version 12.00
# Visual Studio Version 16
VisualStudioVersion = 16.0.31005.135
MinimumVisualStudioVersion = 10.0.40219.1
Project("{FAE04EC0-301F-11D3-BF4B-00C04F79EFBC}") = "JiPP5_Lab1_PierwszyProgramRozgrzewka", "JiPP5_Lab1_PierwszyProgramRozgrzewka.csproj", "{39C1A64A-7EFB-43D9-B874-FAC42977CD55}"
EndProject
Global
	GlobalSection(SolutionConfigurationPlatforms) = preSolution
		Debug|Any CPU = Debug|Any CPU
		Release|Any CPU = Release|Any CPU
	EndGlobalSection
	GlobalSection(ProjectConfigurationPlatforms) = postSolution
		{39C1A64A-7EFB-43D9-B874-FAC42977CD55}.Debug|Any CPU.ActiveCfg = Debug|Any CPU
		{39C1A64A-7EFB-43D9-B874-FAC42977CD55}.Debug|Any CPU.Build.0 = Debug|Any CPU
		{39C1A64A-7EFB-43D9-B874-FAC42977CD55}.Release|Any CPU.ActiveCfg = Release|Any CPU
		{39C1A64A-7EFB-43D9-B874-FAC42977CD55}.Release|Any CPU.Build.0 = Release|Any CPU
	EndGlobalSection
	GlobalSection(SolutionProperties) = preSolution
		HideSolutionNode = FALSE
	EndGlobalSection
	GlobalSection(ExtensibilityGlobals) = postSolution
		SolutionGuid = {C2BA3D0E-F93C-4992-AB41-342A3AD69C31}
	EndGlobalSection
EndGlobal
